
Microsoft Visual Studio Solution File, Format Version 12.00
# Visual Studio 2017
Project("{FAE04EC0-301F-11D3-BF4B-00C04F79EFBC}") = "LostInTransmission", "LostInTransmission.csproj", "{1434500A-CB72-C8C4-EC7F-089EBBCB6613}"
EndProject
Global
	GlobalSection(SolutionConfigurationPlatforms) = preSolution
		Debug|Any CPU = Debug|Any CPU
		Release|Any CPU = Release|Any CPU
	EndGlobalSection
	GlobalSection(ProjectConfigurationPlatforms) = postSolution
		{1434500A-CB72-C8C4-EC7F-089EBBCB6613}.Debug|Any CPU.ActiveCfg = Debug|Any CPU
		{1434500A-CB72-C8C4-EC7F-089EBBCB6613}.Debug|Any CPU.Build.0 = Debug|Any CPU
		{1434500A-CB72-C8C4-EC7F-089EBBCB6613}.Release|Any CPU.ActiveCfg = Release|Any CPU
		{1434500A-CB72-C8C4-EC7F-089EBBCB6613}.Release|Any CPU.Build.0 = Release|Any CPU
	EndGlobalSection
	GlobalSection(SolutionProperties) = preSolution
		HideSolutionNode = FALSE
	EndGlobalSection
EndGlobal
